
Microsoft Visual Studio Solution File, Format Version 12.00
# Visual Studio Version 16
VisualStudioVersion = 16.0.33027.164
MinimumVisualStudioVersion = 10.0.40219.1
Project("{FAE04EC0-301F-11D3-BF4B-00C04F79EFBC}") = "laborator6", "laborator6\laborator6.csproj", "{1B0A5D72-558C-4D91-8DEE-942CBDF91488}"
EndProject
Project("{FAE04EC0-301F-11D3-BF4B-00C04F79EFBC}") = "lab6ex2", "lab6ex2\lab6ex2.csproj", "{D3A60BF6-00CC-4F86-B582-B00FFB6CEDBD}"
EndProject
Global
	GlobalSection(SolutionConfigurationPlatforms) = preSolution
		Debug|Any CPU = Debug|Any CPU
		Release|Any CPU = Release|Any CPU
	EndGlobalSection
	GlobalSection(ProjectConfigurationPlatforms) = postSolution
		{1B0A5D72-558C-4D91-8DEE-942CBDF91488}.Debug|Any CPU.ActiveCfg = Debug|Any CPU
		{1B0A5D72-558C-4D91-8DEE-942CBDF91488}.Debug|Any CPU.Build.0 = Debug|Any CPU
		{1B0A5D72-558C-4D91-8DEE-942CBDF91488}.Release|Any CPU.ActiveCfg = Release|Any CPU
		{1B0A5D72-558C-4D91-8DEE-942CBDF91488}.Release|Any CPU.Build.0 = Release|Any CPU
		{D3A60BF6-00CC-4F86-B582-B00FFB6CEDBD}.Debug|Any CPU.ActiveCfg = Debug|Any CPU
		{D3A60BF6-00CC-4F86-B582-B00FFB6CEDBD}.Debug|Any CPU.Build.0 = Debug|Any CPU
		{D3A60BF6-00CC-4F86-B582-B00FFB6CEDBD}.Release|Any CPU.ActiveCfg = Release|Any CPU
		{D3A60BF6-00CC-4F86-B582-B00FFB6CEDBD}.Release|Any CPU.Build.0 = Release|Any CPU
	EndGlobalSection
	GlobalSection(SolutionProperties) = preSolution
		HideSolutionNode = FALSE
	EndGlobalSection
	GlobalSection(ExtensibilityGlobals) = postSolution
		SolutionGuid = {3E137ED8-0B8D-48DC-8EF7-A1914C658E67}
	EndGlobalSection
EndGlobal
